{
  "name": "vue-wavesurfer",
  "version": "1.0.0",
  "lockfileVersion": 1,
  "requires": true,
  "dependencies": {
    "wavesurfer.js": {
      "version": "3.2.0",
      "resolved": "https://registry.npmjs.org/wavesurfer.js/-/wavesurfer.js-3.2.0.tgz",
      "integrity": "sha512-P75SSpYTpzpCKFKjxmHkdp2jGpcm4neaGncBGV/jzfI5FPSIfl5mXTTZlZFpJhs7To+NI34Dj5y661JI43HEzA=="
    }
  }
}
