# THIS IS AN AUTOGENERATED FILE. DO NOT EDIT THIS FILE DIRECTLY.
# yarn lockfile v1


wavesurfer.js@^3.2.0:
  version "3.2.0"
  resolved "https://registry.yarnpkg.com/wavesurfer.js/-/wavesurfer.js-3.2.0.tgz#c316f3bd1b9f0f4d26188c6865a57e29a13efedc"
  integrity sha512-P75SSpYTpzpCKFKjxmHkdp2jGpcm4neaGncBGV/jzfI5FPSIfl5mXTTZlZFpJhs7To+NI34Dj5y661JI43HEzA==
